
Microsoft Visual Studio Solution File, Format Version 12.00
# Visual Studio Version 17
VisualStudioVersion = 17.4.33103.184
MinimumVisualStudioVersion = 10.0.40219.1
Project("{9A19103F-16F7-4668-BE54-9A1E7A4F7556}") = "Kwetter_User", "Kwetter_User\Kwetter_User.csproj", "{C5976F97-EE38-467A-BE15-FD2BAC9CFA00}"
EndProject
Project("{9A19103F-16F7-4668-BE54-9A1E7A4F7556}") = "KwetterUserTest", "KwetterUserTest\KwetterUserTest.csproj", "{4EDFA1EE-2A82-4146-AF30-A0645CD8B7A0}"
EndProject
Project("{E53339B2-1760-4266-BCC7-CA923CBCF16C}") = "docker-compose", "docker-compose.dcproj", "{5BAE9A36-F385-4E3A-83DD-38B42DC0C0CF}"
EndProject
Global
	GlobalSection(SolutionConfigurationPlatforms) = preSolution
		Debug|Any CPU = Debug|Any CPU
		Release|Any CPU = Release|Any CPU
	EndGlobalSection
	GlobalSection(ProjectConfigurationPlatforms) = postSolution
		{C5976F97-EE38-467A-BE15-FD2BAC9CFA00}.Debug|Any CPU.ActiveCfg = Debug|Any CPU
		{C5976F97-EE38-467A-BE15-FD2BAC9CFA00}.Debug|Any CPU.Build.0 = Debug|Any CPU
		{C5976F97-EE38-467A-BE15-FD2BAC9CFA00}.Release|Any CPU.ActiveCfg = Release|Any CPU
		{C5976F97-EE38-467A-BE15-FD2BAC9CFA00}.Release|Any CPU.Build.0 = Release|Any CPU
		{4EDFA1EE-2A82-4146-AF30-A0645CD8B7A0}.Debug|Any CPU.ActiveCfg = Debug|Any CPU
		{4EDFA1EE-2A82-4146-AF30-A0645CD8B7A0}.Debug|Any CPU.Build.0 = Debug|Any CPU
		{4EDFA1EE-2A82-4146-AF30-A0645CD8B7A0}.Release|Any CPU.ActiveCfg = Release|Any CPU
		{4EDFA1EE-2A82-4146-AF30-A0645CD8B7A0}.Release|Any CPU.Build.0 = Release|Any CPU
		{5BAE9A36-F385-4E3A-83DD-38B42DC0C0CF}.Debug|Any CPU.ActiveCfg = Debug|Any CPU
		{5BAE9A36-F385-4E3A-83DD-38B42DC0C0CF}.Debug|Any CPU.Build.0 = Debug|Any CPU
		{5BAE9A36-F385-4E3A-83DD-38B42DC0C0CF}.Release|Any CPU.ActiveCfg = Release|Any CPU
		{5BAE9A36-F385-4E3A-83DD-38B42DC0C0CF}.Release|Any CPU.Build.0 = Release|Any CPU
	EndGlobalSection
	GlobalSection(SolutionProperties) = preSolution
		HideSolutionNode = FALSE
	EndGlobalSection
	GlobalSection(ExtensibilityGlobals) = postSolution
		SolutionGuid = {7845E0F0-3FE0-4E11-812B-4A1D30BC9D16}
	EndGlobalSection
EndGlobal
